
Microsoft Visual Studio Solution File, Format Version 12.00
# Visual Studio Version 17
VisualStudioVersion = 17.0.32014.148
MinimumVisualStudioVersion = 10.0.40219.1
Project("{FAE04EC0-301F-11D3-BF4B-00C04F79EFBC}") = "BlazorApp1", "BlazorApp1\BlazorApp1.csproj", "{1209091B-D378-459B-9A33-E207D36C962E}"
EndProject
Global
	GlobalSection(SolutionConfigurationPlatforms) = preSolution
		Debug|Any CPU = Debug|Any CPU
		Release|Any CPU = Release|Any CPU
	EndGlobalSection
	GlobalSection(ProjectConfigurationPlatforms) = postSolution
		{1209091B-D378-459B-9A33-E207D36C962E}.Debug|Any CPU.ActiveCfg = Debug|Any CPU
		{1209091B-D378-459B-9A33-E207D36C962E}.Debug|Any CPU.Build.0 = Debug|Any CPU
		{1209091B-D378-459B-9A33-E207D36C962E}.Release|Any CPU.ActiveCfg = Release|Any CPU
		{1209091B-D378-459B-9A33-E207D36C962E}.Release|Any CPU.Build.0 = Release|Any CPU
	EndGlobalSection
	GlobalSection(SolutionProperties) = preSolution
		HideSolutionNode = FALSE
	EndGlobalSection
	GlobalSection(ExtensibilityGlobals) = postSolution
		SolutionGuid = {23B68B73-EA4C-464C-8265-451FAC0F371C}
	EndGlobalSection
EndGlobal
